
Microsoft Visual Studio Solution File, Format Version 11.00
# Visual Studio 2010
Project("{FAE04EC0-301F-11D3-BF4B-00C04F79EFBC}") = "Maloncosfinal", "Maloncosfinal\Maloncosfinal.csproj", "{13BD92A3-84F2-44C4-A39C-6E8920BB6FAF}"
EndProject
Global
	GlobalSection(SubversionScc) = preSolution
		Svn-Managed = True
		Manager = AnkhSVN - Subversion Support for Visual Studio
	EndGlobalSection
	GlobalSection(SolutionConfigurationPlatforms) = preSolution
		Debug|Any CPU = Debug|Any CPU
		Release|Any CPU = Release|Any CPU
	EndGlobalSection
	GlobalSection(ProjectConfigurationPlatforms) = postSolution
		{13BD92A3-84F2-44C4-A39C-6E8920BB6FAF}.Debug|Any CPU.ActiveCfg = Debug|Any CPU
		{13BD92A3-84F2-44C4-A39C-6E8920BB6FAF}.Debug|Any CPU.Build.0 = Debug|Any CPU
		{13BD92A3-84F2-44C4-A39C-6E8920BB6FAF}.Release|Any CPU.ActiveCfg = Release|Any CPU
		{13BD92A3-84F2-44C4-A39C-6E8920BB6FAF}.Release|Any CPU.Build.0 = Release|Any CPU
	EndGlobalSection
	GlobalSection(SolutionProperties) = preSolution
		HideSolutionNode = FALSE
	EndGlobalSection
EndGlobal
